
Microsoft Visual Studio Solution File, Format Version 12.00
# Visual Studio Version 17
VisualStudioVersion = 17.6.33815.320
MinimumVisualStudioVersion = 10.0.40219.1
Project("{FAE04EC0-301F-11D3-BF4B-00C04F79EFBC}") = "Test", "Test\Test.csproj", "{D898A523-5716-4262-B661-396C4D0E4A6B}"
EndProject
Global
	GlobalSection(SolutionConfigurationPlatforms) = preSolution
		Debug|Any CPU = Debug|Any CPU
		Release|Any CPU = Release|Any CPU
	EndGlobalSection
	GlobalSection(ProjectConfigurationPlatforms) = postSolution
		{D898A523-5716-4262-B661-396C4D0E4A6B}.Debug|Any CPU.ActiveCfg = Debug|Any CPU
		{D898A523-5716-4262-B661-396C4D0E4A6B}.Debug|Any CPU.Build.0 = Debug|Any CPU
		{D898A523-5716-4262-B661-396C4D0E4A6B}.Release|Any CPU.ActiveCfg = Release|Any CPU
		{D898A523-5716-4262-B661-396C4D0E4A6B}.Release|Any CPU.Build.0 = Release|Any CPU
	EndGlobalSection
	GlobalSection(SolutionProperties) = preSolution
		HideSolutionNode = FALSE
	EndGlobalSection
	GlobalSection(ExtensibilityGlobals) = postSolution
		SolutionGuid = {D56EFBF2-81D6-4AF1-B99B-827BEC32FB1A}
	EndGlobalSection
EndGlobal
